
Microsoft Visual Studio Solution File, Format Version 12.00
# Visual Studio Version 17
VisualStudioVersion = 17.0.31903.59
MinimumVisualStudioVersion = 10.0.40219.1
Project("{FAE04EC0-301F-11D3-BF4B-00C04F79EFBC}") = "Markov.ConsoleApp", "Markov.ConsoleApp\Markov.ConsoleApp.csproj", "{A2BE5610-351C-4EE8-A4AC-83D4482B1716}"
EndProject
Project("{FAE04EC0-301F-11D3-BF4B-00C04F79EFBC}") = "Markov.Core", "Markov.Core\Markov.Core.csproj", "{842D60BC-9360-4F75-B7AA-CF643CA2BF8E}"
EndProject
Project("{FAE04EC0-301F-11D3-BF4B-00C04F79EFBC}") = "Markov.Tests", "Markov.Tests\Markov.Tests.csproj", "{5D7AC864-6553-4C0A-8157-50FE9195BB32}"
EndProject
Global
	GlobalSection(SolutionConfigurationPlatforms) = preSolution
		Debug|Any CPU = Debug|Any CPU
		Debug|x64 = Debug|x64
		Debug|x86 = Debug|x86
		Release|Any CPU = Release|Any CPU
		Release|x64 = Release|x64
		Release|x86 = Release|x86
	EndGlobalSection
	GlobalSection(ProjectConfigurationPlatforms) = postSolution
		{A2BE5610-351C-4EE8-A4AC-83D4482B1716}.Debug|Any CPU.ActiveCfg = Debug|Any CPU
		{A2BE5610-351C-4EE8-A4AC-83D4482B1716}.Debug|Any CPU.Build.0 = Debug|Any CPU
		{A2BE5610-351C-4EE8-A4AC-83D4482B1716}.Debug|x64.ActiveCfg = Debug|Any CPU
		{A2BE5610-351C-4EE8-A4AC-83D4482B1716}.Debug|x64.Build.0 = Debug|Any CPU
		{A2BE5610-351C-4EE8-A4AC-83D4482B1716}.Debug|x86.ActiveCfg = Debug|Any CPU
		{A2BE5610-351C-4EE8-A4AC-83D4482B1716}.Debug|x86.Build.0 = Debug|Any CPU
		{A2BE5610-351C-4EE8-A4AC-83D4482B1716}.Release|Any CPU.ActiveCfg = Release|Any CPU
		{A2BE5610-351C-4EE8-A4AC-83D4482B1716}.Release|Any CPU.Build.0 = Release|Any CPU
		{A2BE5610-351C-4EE8-A4AC-83D4482B1716}.Release|x64.ActiveCfg = Release|Any CPU
		{A2BE5610-351C-4EE8-A4AC-83D4482B1716}.Release|x64.Build.0 = Release|Any CPU
		{A2BE5610-351C-4EE8-A4AC-83D4482B1716}.Release|x86.ActiveCfg = Release|Any CPU
		{A2BE5610-351C-4EE8-A4AC-83D4482B1716}.Release|x86.Build.0 = Release|Any CPU
		{842D60BC-9360-4F75-B7AA-CF643CA2BF8E}.Debug|Any CPU.ActiveCfg = Debug|Any CPU
		{842D60BC-9360-4F75-B7AA-CF643CA2BF8E}.Debug|Any CPU.Build.0 = Debug|Any CPU
		{842D60BC-9360-4F75-B7AA-CF643CA2BF8E}.Debug|x64.ActiveCfg = Debug|Any CPU
		{842D60BC-9360-4F75-B7AA-CF643CA2BF8E}.Debug|x64.Build.0 = Debug|Any CPU
		{842D60BC-9360-4F75-B7AA-CF643CA2BF8E}.Debug|x86.ActiveCfg = Debug|Any CPU
		{842D60BC-9360-4F75-B7AA-CF643CA2BF8E}.Debug|x86.Build.0 = Debug|Any CPU
		{842D60BC-9360-4F75-B7AA-CF643CA2BF8E}.Release|Any CPU.ActiveCfg = Release|Any CPU
		{842D60BC-9360-4F75-B7AA-CF643CA2BF8E}.Release|Any CPU.Build.0 = Release|Any CPU
		{842D60BC-9360-4F75-B7AA-CF643CA2BF8E}.Release|x64.ActiveCfg = Release|Any CPU
		{842D60BC-9360-4F75-B7AA-CF643CA2BF8E}.Release|x64.Build.0 = Release|Any CPU
		{842D60BC-9360-4F75-B7AA-CF643CA2BF8E}.Release|x86.ActiveCfg = Release|Any CPU
		{842D60BC-9360-4F75-B7AA-CF643CA2BF8E}.Release|x86.Build.0 = Release|Any CPU
		{5D7AC864-6553-4C0A-8157-50FE9195BB32}.Debug|Any CPU.ActiveCfg = Debug|Any CPU
		{5D7AC864-6553-4C0A-8157-50FE9195BB32}.Debug|Any CPU.Build.0 = Debug|Any CPU
		{5D7AC864-6553-4C0A-8157-50FE9195BB32}.Debug|x64.ActiveCfg = Debug|Any CPU
		{5D7AC864-6553-4C0A-8157-50FE9195BB32}.Debug|x64.Build.0 = Debug|Any CPU
		{5D7AC864-6553-4C0A-8157-50FE9195BB32}.Debug|x86.ActiveCfg = Debug|Any CPU
		{5D7AC864-6553-4C0A-8157-50FE9195BB32}.Debug|x86.Build.0 = Debug|Any CPU
		{5D7AC864-6553-4C0A-8157-50FE9195BB32}.Release|Any CPU.ActiveCfg = Release|Any CPU
		{5D7AC864-6553-4C0A-8157-50FE9195BB32}.Release|Any CPU.Build.0 = Release|Any CPU
		{5D7AC864-6553-4C0A-8157-50FE9195BB32}.Release|x64.ActiveCfg = Release|Any CPU
		{5D7AC864-6553-4C0A-8157-50FE9195BB32}.Release|x64.Build.0 = Release|Any CPU
		{5D7AC864-6553-4C0A-8157-50FE9195BB32}.Release|x86.ActiveCfg = Release|Any CPU
		{5D7AC864-6553-4C0A-8157-50FE9195BB32}.Release|x86.Build.0 = Release|Any CPU
	EndGlobalSection
	GlobalSection(SolutionProperties) = preSolution
		HideSolutionNode = FALSE
	EndGlobalSection
EndGlobal
