
Microsoft Visual Studio Solution File, Format Version 12.00
# Visual Studio Version 17
VisualStudioVersion = 17.0.31903.59
MinimumVisualStudioVersion = 10.0.40219.1
Project("{FAE04EC0-301F-11D3-BF4B-00C04F79EFBC}") = "Markov.API", "Markov.API\Markov.API.csproj", "{74E89C40-CFEE-4492-B3EE-70CB53C3D0B1}"
EndProject
Project("{FAE04EC0-301F-11D3-BF4B-00C04F79EFBC}") = "Markov.Services", "Markov.Services\Markov.Services.csproj", "{30F5F220-5307-4FBE-9F47-0F12F7D7662A}"
EndProject
Project("{FAE04EC0-301F-11D3-BF4B-00C04F79EFBC}") = "Markov.Tests", "Markov.Tests\Markov.Tests.csproj", "{E61EF9CA-2E4B-4754-A2EF-C1A2788E8602}"
EndProject
Global
	GlobalSection(SolutionConfigurationPlatforms) = preSolution
		Debug|Any CPU = Debug|Any CPU
		Debug|x64 = Debug|x64
		Debug|x86 = Debug|x86
		Release|Any CPU = Release|Any CPU
		Release|x64 = Release|x64
		Release|x86 = Release|x86
	EndGlobalSection
	GlobalSection(ProjectConfigurationPlatforms) = postSolution
		{74E89C40-CFEE-4492-B3EE-70CB53C3D0B1}.Debug|Any CPU.ActiveCfg = Debug|Any CPU
		{74E89C40-CFEE-4492-B3EE-70CB53C3D0B1}.Debug|Any CPU.Build.0 = Debug|Any CPU
		{74E89C40-CFEE-4492-B3EE-70CB53C3D0B1}.Debug|x64.ActiveCfg = Debug|Any CPU
		{74E89C40-CFEE-4492-B3EE-70CB53C3D0B1}.Debug|x64.Build.0 = Debug|Any CPU
		{74E89C40-CFEE-4492-B3EE-70CB53C3D0B1}.Debug|x86.ActiveCfg = Debug|Any CPU
		{74E89C40-CFEE-4492-B3EE-70CB53C3D0B1}.Debug|x86.Build.0 = Debug|Any CPU
		{74E89C40-CFEE-4492-B3EE-70CB53C3D0B1}.Release|Any CPU.ActiveCfg = Release|Any CPU
		{74E89C40-CFEE-4492-B3EE-70CB53C3D0B1}.Release|Any CPU.Build.0 = Release|Any CPU
		{74E89C40-CFEE-4492-B3EE-70CB53C3D0B1}.Release|x64.ActiveCfg = Release|Any CPU
		{74E89C40-CFEE-4492-B3EE-70CB53C3D0B1}.Release|x64.Build.0 = Release|Any CPU
		{74E89C40-CFEE-4492-B3EE-70CB53C3D0B1}.Release|x86.ActiveCfg = Release|Any CPU
		{74E89C40-CFEE-4492-B3EE-70CB53C3D0B1}.Release|x86.Build.0 = Release|Any CPU
		{30F5F220-5307-4FBE-9F47-0F12F7D7662A}.Debug|Any CPU.ActiveCfg = Debug|Any CPU
		{30F5F220-5307-4FBE-9F47-0F12F7D7662A}.Debug|Any CPU.Build.0 = Debug|Any CPU
		{30F5F220-5307-4FBE-9F47-0F12F7D7662A}.Debug|x64.ActiveCfg = Debug|Any CPU
		{30F5F220-5307-4FBE-9F47-0F12F7D7662A}.Debug|x64.Build.0 = Debug|Any CPU
		{30F5F220-5307-4FBE-9F47-0F12F7D7662A}.Debug|x86.ActiveCfg = Debug|Any CPU
		{30F5F220-5307-4FBE-9F47-0F12F7D7662A}.Debug|x86.Build.0 = Debug|Any CPU
		{30F5F220-5307-4FBE-9F47-0F12F7D7662A}.Release|Any CPU.ActiveCfg = Release|Any CPU
		{30F5F220-5307-4FBE-9F47-0F12F7D7662A}.Release|Any CPU.Build.0 = Release|Any CPU
		{30F5F220-5307-4FBE-9F47-0F12F7D7662A}.Release|x64.ActiveCfg = Release|Any CPU
		{30F5F220-5307-4FBE-9F47-0F12F7D7662A}.Release|x64.Build.0 = Release|Any CPU
		{30F5F220-5307-4FBE-9F47-0F12F7D7662A}.Release|x86.ActiveCfg = Release|Any CPU
		{30F5F220-5307-4FBE-9F47-0F12F7D7662A}.Release|x86.Build.0 = Release|Any CPU
		{E61EF9CA-2E4B-4754-A2EF-C1A2788E8602}.Debug|Any CPU.ActiveCfg = Debug|Any CPU
		{E61EF9CA-2E4B-4754-A2EF-C1A2788E8602}.Debug|Any CPU.Build.0 = Debug|Any CPU
		{E61EF9CA-2E4B-4754-A2EF-C1A2788E8602}.Debug|x64.ActiveCfg = Debug|Any CPU
		{E61EF9CA-2E4B-4754-A2EF-C1A2788E8602}.Debug|x64.Build.0 = Debug|Any CPU
		{E61EF9CA-2E4B-4754-A2EF-C1A2788E8602}.Debug|x86.ActiveCfg = Debug|Any CPU
		{E61EF9CA-2E4B-4754-A2EF-C1A2788E8602}.Debug|x86.Build.0 = Debug|Any CPU
		{E61EF9CA-2E4B-4754-A2EF-C1A2788E8602}.Release|Any CPU.ActiveCfg = Release|Any CPU
		{E61EF9CA-2E4B-4754-A2EF-C1A2788E8602}.Release|Any CPU.Build.0 = Release|Any CPU
		{E61EF9CA-2E4B-4754-A2EF-C1A2788E8602}.Release|x64.ActiveCfg = Release|Any CPU
		{E61EF9CA-2E4B-4754-A2EF-C1A2788E8602}.Release|x64.Build.0 = Release|Any CPU
		{E61EF9CA-2E4B-4754-A2EF-C1A2788E8602}.Release|x86.ActiveCfg = Release|Any CPU
		{E61EF9CA-2E4B-4754-A2EF-C1A2788E8602}.Release|x86.Build.0 = Release|Any CPU
	EndGlobalSection
	GlobalSection(SolutionProperties) = preSolution
		HideSolutionNode = FALSE
	EndGlobalSection
	GlobalSection(ExtensibilityGlobals) = postSolution
		SolutionGuid = {8A61EEF3-BB8C-4DA6-BE8B-A58BD19A6A67}
	EndGlobalSection
EndGlobal
